
Microsoft Visual Studio Solution File, Format Version 12.00
# Visual Studio Version 16
VisualStudioVersion = 16.0.30517.126
MinimumVisualStudioVersion = 10.0.40219.1
Project("{FAE04EC0-301F-11D3-BF4B-00C04F79EFBC}") = "HotelReservationSystem", "HotelReservationSystem\HotelReservationSystem.csproj", "{3A377959-824C-417C-8C15-1FEC15CC5277}"
EndProject
Project("{FAE04EC0-301F-11D3-BF4B-00C04F79EFBC}") = "HotelReservationSystemTest", "HotelReservationSystemTest\HotelReservationSystemTest.csproj", "{DDE1D6CA-900C-488E-8137-25305DF7CB50}"
EndProject
Global
	GlobalSection(SolutionConfigurationPlatforms) = preSolution
		Debug|Any CPU = Debug|Any CPU
		Release|Any CPU = Release|Any CPU
	EndGlobalSection
	GlobalSection(ProjectConfigurationPlatforms) = postSolution
		{3A377959-824C-417C-8C15-1FEC15CC5277}.Debug|Any CPU.ActiveCfg = Debug|Any CPU
		{3A377959-824C-417C-8C15-1FEC15CC5277}.Debug|Any CPU.Build.0 = Debug|Any CPU
		{3A377959-824C-417C-8C15-1FEC15CC5277}.Release|Any CPU.ActiveCfg = Release|Any CPU
		{3A377959-824C-417C-8C15-1FEC15CC5277}.Release|Any CPU.Build.0 = Release|Any CPU
		{DDE1D6CA-900C-488E-8137-25305DF7CB50}.Debug|Any CPU.ActiveCfg = Debug|Any CPU
		{DDE1D6CA-900C-488E-8137-25305DF7CB50}.Debug|Any CPU.Build.0 = Debug|Any CPU
		{DDE1D6CA-900C-488E-8137-25305DF7CB50}.Release|Any CPU.ActiveCfg = Release|Any CPU
		{DDE1D6CA-900C-488E-8137-25305DF7CB50}.Release|Any CPU.Build.0 = Release|Any CPU
	EndGlobalSection
	GlobalSection(SolutionProperties) = preSolution
		HideSolutionNode = FALSE
	EndGlobalSection
	GlobalSection(ExtensibilityGlobals) = postSolution
		SolutionGuid = {B9E101DD-5AC5-4BB2-BFF0-77746808983C}
	EndGlobalSection
EndGlobal
